<?xml version="1.0" encoding="UTF-8" standalone="yes" ?>
<CodeBlocks_project_file>
	<FileVersion major="1" minor="6" />
	<Project>
		<Option title="RnJ1" />
		<Option makefile_is_custom="1" />
		<Option pch_mode="2" />
		<Option compiler="gcc" />
		<Option show_notes="0">
			<notes>
				<![CDATA[TODO:
]]>
			</notes>
		</Option>
		<Build>
			<Target title="build">
				<Option output="RnJ1" prefix_auto="1" extension_auto="1" />
				<Option type="0" />
				<Option compiler="gcc" />
				<MakeCommands>
					<Build command="$make build" />
					<CompileFile command="$make build" />
					<Clean command="$make build" />
					<DistClean command="$make -f $makefile distclean$target" />
					<AskRebuildNeeded command="$make build" />
					<SilentBuild command="$make build" />
				</MakeCommands>
			</Target>
		</Build>
		<Compiler>
			<Add option="-Wall" />
			<Add directory="include" />
			<Add directory="src" />
		</Compiler>
		<Linker>
			<Add option="-lmingw32" />
			<Add option="-lSDL2main" />
			<Add option="-lSDL2" />
			<Add option="-lSDL2_image" />
			<Add option="-lSDL2_ttf" />
			<Add option="-lSDL2_mixer" />
			<Add option="-llua52" />
			<Add option="-lsquirrel.dll" />
			<Add option="-lFreeImage" />
			<Add option="-lode_single" />
			<Add option="-lOpenGL32" />
			<Add option="-lglu32" />
			<Add directory="lib" />
		</Linker>
		<Unit filename="Config.mk" />
		<Unit filename="Makefile" />
		<Unit filename="src\app.h" />
		<Unit filename="src\app\allegro42.c">
			<Option compilerVar="CC" />
		</Unit>
		<Unit filename="src\app\allegro42.h" />
		<Unit filename="src\app\allegro5.c">
			<Option compilerVar="CC" />
		</Unit>
		<Unit filename="src\app\allegro5.h" />
		<Unit filename="src\app\sdl12.c">
			<Option compilerVar="CC" />
		</Unit>
		<Unit filename="src\app\sdl12.h" />
		<Unit filename="src\app\sdl2.c">
			<Option compilerVar="CC" />
		</Unit>
		<Unit filename="src\app\sdl2.h" />
		<Unit filename="src\configfile.h" />
		<Unit filename="src\configfile\allegro5.c">
			<Option compilerVar="CC" />
		</Unit>
		<Unit filename="src\configfile\allegro5.h" />
		<Unit filename="src\configfile\dummy.c">
			<Option compilerVar="CC" />
		</Unit>
		<Unit filename="src\configfile\dummy.h" />
		<Unit filename="src\configfile\iniparser.c">
			<Option compilerVar="CC" />
		</Unit>
		<Unit filename="src\configfile\iniparser.h" />
		<Unit filename="src\defines.h" />
		<Unit filename="src\dialogs.h" />
		<Unit filename="src\dialogs\allegro5_nd.c">
			<Option compilerVar="CC" />
		</Unit>
		<Unit filename="src\dialogs\allegro5_nd.h" />
		<Unit filename="src\dialogs\dummy.c">
			<Option compilerVar="CC" />
		</Unit>
		<Unit filename="src\dialogs\dummy.h" />
		<Unit filename="src\dialogs\native.c">
			<Option compilerVar="CC" />
		</Unit>
		<Unit filename="src\dialogs\native.h" />
		<Unit filename="src\dialogs\sdl2.c">
			<Option compilerVar="CC" />
		</Unit>
		<Unit filename="src\dialogs\sdl2.h" />
		<Unit filename="src\dialogs\windows_h.c">
			<Option compilerVar="CC" />
		</Unit>
		<Unit filename="src\dialogs\windows_h.h" />
		<Unit filename="src\draw.h" />
		<Unit filename="src\draw\allegro5.c">
			<Option compilerVar="CC" />
		</Unit>
		<Unit filename="src\draw\allegro5.h" />
		<Unit filename="src\draw\dummy.c">
			<Option compilerVar="CC" />
		</Unit>
		<Unit filename="src\draw\dummy.h" />
		<Unit filename="src\draw\sdl12.c">
			<Option compilerVar="CC" />
		</Unit>
		<Unit filename="src\draw\sdl12.h" />
		<Unit filename="src\draw\sdl2.c">
			<Option compilerVar="CC" />
		</Unit>
		<Unit filename="src\draw\sdl2.h" />
		<Unit filename="src\error.c">
			<Option compilerVar="CC" />
		</Unit>
		<Unit filename="src\error.h" />
		<Unit filename="src\files.c">
			<Option compilerVar="CC" />
		</Unit>
		<Unit filename="src\files.h" />
		<Unit filename="src\fonts.h" />
		<Unit filename="src\fonts\allegro5.c">
			<Option compilerVar="CC" />
		</Unit>
		<Unit filename="src\fonts\allegro5.h" />
		<Unit filename="src\fonts\dummy.c">
			<Option compilerVar="CC" />
		</Unit>
		<Unit filename="src\fonts\dummy.h" />
		<Unit filename="src\fonts\sdl12_ttf.c">
			<Option compilerVar="CC" />
		</Unit>
		<Unit filename="src\fonts\sdl12_ttf.h" />
		<Unit filename="src\fonts\sdl2_ttf.c">
			<Option compilerVar="CC" />
		</Unit>
		<Unit filename="src\fonts\sdl2_ttf.h" />
		<Unit filename="src\images.h" />
		<Unit filename="src\images\allegro5_image.c">
			<Option compilerVar="CC" />
		</Unit>
		<Unit filename="src\images\allegro5_image.h" />
		<Unit filename="src\images\dummy.c">
			<Option compilerVar="CC" />
		</Unit>
		<Unit filename="src\images\dummy.h" />
		<Unit filename="src\images\freeimage.c">
			<Option compilerVar="CC" />
		</Unit>
		<Unit filename="src\images\freeimage.h" />
		<Unit filename="src\images\sdl2_image.c">
			<Option compilerVar="CC" />
		</Unit>
		<Unit filename="src\images\sdl2_image.h" />
		<Unit filename="src\input.h" />
		<Unit filename="src\input\allegro5.c">
			<Option compilerVar="CC" />
		</Unit>
		<Unit filename="src\input\allegro5.h" />
		<Unit filename="src\input\dummy.c">
			<Option compilerVar="CC" />
		</Unit>
		<Unit filename="src\input\dummy.h" />
		<Unit filename="src\input\native.c">
			<Option compilerVar="CC" />
		</Unit>
		<Unit filename="src\input\native.h" />
		<Unit filename="src\input\sdl12.c">
			<Option compilerVar="CC" />
		</Unit>
		<Unit filename="src\input\sdl12.h" />
		<Unit filename="src\input\sdl2.c">
			<Option compilerVar="CC" />
		</Unit>
		<Unit filename="src\input\sdl2.h" />
		<Unit filename="src\log.c">
			<Option compilerVar="CC" />
		</Unit>
		<Unit filename="src\log.h" />
		<Unit filename="src\main.c">
			<Option compilerVar="CC" />
		</Unit>
		<Unit filename="src\physics.h" />
		<Unit filename="src\physics\dummy.c">
			<Option compilerVar="CC" />
		</Unit>
		<Unit filename="src\physics\dummy.h" />
		<Unit filename="src\physics\ode.c">
			<Option compilerVar="CC" />
		</Unit>
		<Unit filename="src\physics\ode.h" />
		<Unit filename="src\screen.h" />
		<Unit filename="src\screen\allegro42.c">
			<Option compilerVar="CC" />
		</Unit>
		<Unit filename="src\screen\allegro42.h" />
		<Unit filename="src\screen\allegro5.c">
			<Option compilerVar="CC" />
		</Unit>
		<Unit filename="src\screen\allegro5.h" />
		<Unit filename="src\screen\sdl12.c">
			<Option compilerVar="CC" />
		</Unit>
		<Unit filename="src\screen\sdl12.h" />
		<Unit filename="src\screen\sdl2.c">
			<Option compilerVar="CC" />
		</Unit>
		<Unit filename="src\screen\sdl2.h" />
		<Unit filename="src\scriptFuncs.c">
			<Option compilerVar="CC" />
		</Unit>
		<Unit filename="src\scriptFuncs.h" />
		<Unit filename="src\scriptFuncs\dummy.c">
			<Option compilerVar="CC" />
		</Unit>
		<Unit filename="src\scriptFuncs\dummy.h" />
		<Unit filename="src\scriptFuncs\lua.c">
			<Option compilerVar="CC" />
		</Unit>
		<Unit filename="src\scriptFuncs\lua.h" />
		<Unit filename="src\scriptFuncs\squirrel.c">
			<Option compilerVar="CC" />
		</Unit>
		<Unit filename="src\scriptFuncs\squirrel.h" />
		<Unit filename="src\scripts.h" />
		<Unit filename="src\scripts\dummy.c">
			<Option compilerVar="CC" />
		</Unit>
		<Unit filename="src\scripts\dummy.h" />
		<Unit filename="src\scripts\lua.c">
			<Option compilerVar="CC" />
		</Unit>
		<Unit filename="src\scripts\lua.h" />
		<Unit filename="src\scripts\squirrel.c">
			<Option compilerVar="CC" />
		</Unit>
		<Unit filename="src\scripts\squirrel.h" />
		<Unit filename="src\sounds.h" />
		<Unit filename="src\sounds\allegro5_audio.c">
			<Option compilerVar="CC" />
		</Unit>
		<Unit filename="src\sounds\allegro5_audio.h" />
		<Unit filename="src\sounds\dummy.c">
			<Option compilerVar="CC" />
		</Unit>
		<Unit filename="src\sounds\dummy.h" />
		<Unit filename="src\sounds\sdl2_mixer.c">
			<Option compilerVar="CC" />
		</Unit>
		<Unit filename="src\sounds\sdl2_mixer.h" />
		<Unit filename="src\specification.h" />
		<Unit filename="src\specification\dummy.c">
			<Option compilerVar="CC" />
		</Unit>
		<Unit filename="src\specification\dummy.h" />
		<Unit filename="src\specification\sdl2.c">
			<Option compilerVar="CC" />
		</Unit>
		<Unit filename="src\specification\sdl2.h" />
		<Unit filename="src\sprites.h" />
		<Unit filename="src\sprites\allegro42.c">
			<Option compilerVar="CC" />
		</Unit>
		<Unit filename="src\sprites\allegro42.h" />
		<Unit filename="src\sprites\allegro5_image.c">
			<Option compilerVar="CC" />
		</Unit>
		<Unit filename="src\sprites\allegro5_image.h" />
		<Unit filename="src\sprites\dummy.c">
			<Option compilerVar="CC" />
		</Unit>
		<Unit filename="src\sprites\dummy.h" />
		<Unit filename="src\sprites\sdl12_image.c">
			<Option compilerVar="CC" />
		</Unit>
		<Unit filename="src\sprites\sdl12_image.h" />
		<Unit filename="src\sprites\sdl2_image.c">
			<Option compilerVar="CC" />
		</Unit>
		<Unit filename="src\sprites\sdl2_image.h" />
		<Unit filename="src\timer.h" />
		<Unit filename="src\timer\allegro5.c">
			<Option compilerVar="CC" />
		</Unit>
		<Unit filename="src\timer\allegro5.h" />
		<Unit filename="src\timer\native.c">
			<Option compilerVar="CC" />
		</Unit>
		<Unit filename="src\timer\native.h" />
		<Unit filename="src\timer\sdl12.c">
			<Option compilerVar="CC" />
		</Unit>
		<Unit filename="src\timer\sdl12.h" />
		<Unit filename="src\timer\sdl2.c">
			<Option compilerVar="CC" />
		</Unit>
		<Unit filename="src\timer\sdl2.h" />
		<Unit filename="src\timer\time_h.c">
			<Option compilerVar="CC" />
		</Unit>
		<Unit filename="src\timer\time_h.h" />
		<Unit filename="src\utils.c">
			<Option compilerVar="CC" />
		</Unit>
		<Unit filename="src\utils.h" />
		<Extensions>
			<code_completion />
			<envvars />
			<debugger />
			<lib_finder disable_auto="1" />
		</Extensions>
	</Project>
</CodeBlocks_project_file>
